
Microsoft Visual Studio Solution File, Format Version 12.00
# Visual Studio Version 16
VisualStudioVersion = 16.0.34301.259
MinimumVisualStudioVersion = 10.0.40219.1
Project("{2150E333-8FDC-42A3-9474-1A3956D46DE8}") = "src", "src", "{619198CA-9D83-4FB2-B371-1BE671CE3C07}"
EndProject
Project("{2150E333-8FDC-42A3-9474-1A3956D46DE8}") = "Services", "Services", "{3B871B59-BD66-45F1-B196-854AA025FA09}"
EndProject
Project("{2150E333-8FDC-42A3-9474-1A3956D46DE8}") = "BuildingBlocks", "BuildingBlocks", "{182558FE-8087-4365-8D5F-F5728BC1ADEB}"
EndProject
Project("{2150E333-8FDC-42A3-9474-1A3956D46DE8}") = "Web", "Web", "{F4E08EE1-3458-488D-A965-F17D61F36C52}"
EndProject
Project("{2150E333-8FDC-42A3-9474-1A3956D46DE8}") = "Identity", "Identity", "{9A334C5E-EE76-420E-B3E0-C264B687CB99}"
EndProject
Project("{FAE04EC0-301F-11D3-BF4B-00C04F79EFBC}") = "VSU.Identity.API", "src\services\VSU.Identity.API\VSU.Identity.API.csproj", "{7FE91A84-2E2A-4B5D-8F96-A85FBA75C51D}"
EndProject
Project("{2150E333-8FDC-42A3-9474-1A3956D46DE8}") = "MVC", "MVC", "{CC3936DD-9557-4FC1-9D65-4EE4C9DFCD4B}"
EndProject
Project("{FAE04EC0-301F-11D3-BF4B-00C04F79EFBC}") = "VSU.WebApp.MVC", "src\web\VSU.WebApp.MVC\VSU.WebApp.MVC.csproj", "{0165F65D-2377-46F2-98C0-45BD657B0FC7}"
EndProject
Project("{2150E333-8FDC-42A3-9474-1A3956D46DE8}") = "Core", "Core", "{1F3F9361-B0E7-45D9-B5EB-5F4E549CA386}"
EndProject
Project("{FAE04EC0-301F-11D3-BF4B-00C04F79EFBC}") = "VSU.BuildingBlocks.Core", "src\buildingblocks\VSU.BuildingBlocks.Core\VSU.BuildingBlocks.Core.csproj", "{084D0C29-15A7-4596-883A-C361691229EA}"
EndProject
Project("{2150E333-8FDC-42A3-9474-1A3956D46DE8}") = "Catalogue", "Catalogue", "{21E653B7-810A-4813-9281-7B8FAC19D1BC}"
EndProject
Project("{FAE04EC0-301F-11D3-BF4B-00C04F79EFBC}") = "VSU.Catalogue.API", "src\services\VSU.Catalogue.API\VSU.Catalogue.API.csproj", "{A75D9AE1-A65F-4201-90CC-E4B2B6895AA4}"
EndProject
Project("{2150E333-8FDC-42A3-9474-1A3956D46DE8}") = "Cart", "Cart", "{D689EF0B-785D-43C0-919D-2FF806A0B049}"
EndProject
Project("{FAE04EC0-301F-11D3-BF4B-00C04F79EFBC}") = "VSU.Cart.API", "src\services\VSU.Cart.API\VSU.Cart.API.csproj", "{EB9BE0D0-B424-4FD0-9D48-9AF7DA89B8C1}"
EndProject
Project("{2150E333-8FDC-42A3-9474-1A3956D46DE8}") = "Customer", "Customer", "{A23A1FAC-C6CD-46FD-A0DA-19E6EC6EEFA5}"
EndProject
Project("{FAE04EC0-301F-11D3-BF4B-00C04F79EFBC}") = "VSU.Customer.API", "src\services\VSU.Customer.API\VSU.Customer.API.csproj", "{C2F2FABC-7749-4F52-B7A5-D069CF0F4E81}"
EndProject
Project("{2150E333-8FDC-42A3-9474-1A3956D46DE8}") = "Payment", "Payment", "{0BBDE792-7893-4508-B802-40F07FD8CAEA}"
EndProject
Project("{FAE04EC0-301F-11D3-BF4B-00C04F79EFBC}") = "VSU.Payment.API", "src\services\VSU.Payment.API\VSU.Payment.API.csproj", "{52C5C71C-CF71-45A0-9223-78D08A34288F}"
EndProject
Project("{2150E333-8FDC-42A3-9474-1A3956D46DE8}") = "Order", "Order", "{925D8876-4E98-45BB-844F-57430C06F7F3}"
EndProject
Project("{FAE04EC0-301F-11D3-BF4B-00C04F79EFBC}") = "VSU.Order.API", "src\services\VSU.Order.API\VSU.Order.API.csproj", "{59486176-223D-43FA-AA33-226099E91D51}"
EndProject
Global
	GlobalSection(SolutionConfigurationPlatforms) = preSolution
		Debug|Any CPU = Debug|Any CPU
		Release|Any CPU = Release|Any CPU
	EndGlobalSection
	GlobalSection(ProjectConfigurationPlatforms) = postSolution
		{7FE91A84-2E2A-4B5D-8F96-A85FBA75C51D}.Debug|Any CPU.ActiveCfg = Debug|Any CPU
		{7FE91A84-2E2A-4B5D-8F96-A85FBA75C51D}.Debug|Any CPU.Build.0 = Debug|Any CPU
		{7FE91A84-2E2A-4B5D-8F96-A85FBA75C51D}.Release|Any CPU.ActiveCfg = Release|Any CPU
		{7FE91A84-2E2A-4B5D-8F96-A85FBA75C51D}.Release|Any CPU.Build.0 = Release|Any CPU
		{0165F65D-2377-46F2-98C0-45BD657B0FC7}.Debug|Any CPU.ActiveCfg = Debug|Any CPU
		{0165F65D-2377-46F2-98C0-45BD657B0FC7}.Debug|Any CPU.Build.0 = Debug|Any CPU
		{0165F65D-2377-46F2-98C0-45BD657B0FC7}.Release|Any CPU.ActiveCfg = Release|Any CPU
		{0165F65D-2377-46F2-98C0-45BD657B0FC7}.Release|Any CPU.Build.0 = Release|Any CPU
		{084D0C29-15A7-4596-883A-C361691229EA}.Debug|Any CPU.ActiveCfg = Debug|Any CPU
		{084D0C29-15A7-4596-883A-C361691229EA}.Debug|Any CPU.Build.0 = Debug|Any CPU
		{084D0C29-15A7-4596-883A-C361691229EA}.Release|Any CPU.ActiveCfg = Release|Any CPU
		{084D0C29-15A7-4596-883A-C361691229EA}.Release|Any CPU.Build.0 = Release|Any CPU
		{A75D9AE1-A65F-4201-90CC-E4B2B6895AA4}.Debug|Any CPU.ActiveCfg = Debug|Any CPU
		{A75D9AE1-A65F-4201-90CC-E4B2B6895AA4}.Debug|Any CPU.Build.0 = Debug|Any CPU
		{A75D9AE1-A65F-4201-90CC-E4B2B6895AA4}.Release|Any CPU.ActiveCfg = Release|Any CPU
		{A75D9AE1-A65F-4201-90CC-E4B2B6895AA4}.Release|Any CPU.Build.0 = Release|Any CPU
		{EB9BE0D0-B424-4FD0-9D48-9AF7DA89B8C1}.Debug|Any CPU.ActiveCfg = Debug|Any CPU
		{EB9BE0D0-B424-4FD0-9D48-9AF7DA89B8C1}.Debug|Any CPU.Build.0 = Debug|Any CPU
		{EB9BE0D0-B424-4FD0-9D48-9AF7DA89B8C1}.Release|Any CPU.ActiveCfg = Release|Any CPU
		{EB9BE0D0-B424-4FD0-9D48-9AF7DA89B8C1}.Release|Any CPU.Build.0 = Release|Any CPU
		{C2F2FABC-7749-4F52-B7A5-D069CF0F4E81}.Debug|Any CPU.ActiveCfg = Debug|Any CPU
		{C2F2FABC-7749-4F52-B7A5-D069CF0F4E81}.Debug|Any CPU.Build.0 = Debug|Any CPU
		{C2F2FABC-7749-4F52-B7A5-D069CF0F4E81}.Release|Any CPU.ActiveCfg = Release|Any CPU
		{C2F2FABC-7749-4F52-B7A5-D069CF0F4E81}.Release|Any CPU.Build.0 = Release|Any CPU
		{52C5C71C-CF71-45A0-9223-78D08A34288F}.Debug|Any CPU.ActiveCfg = Debug|Any CPU
		{52C5C71C-CF71-45A0-9223-78D08A34288F}.Debug|Any CPU.Build.0 = Debug|Any CPU
		{52C5C71C-CF71-45A0-9223-78D08A34288F}.Release|Any CPU.ActiveCfg = Release|Any CPU
		{52C5C71C-CF71-45A0-9223-78D08A34288F}.Release|Any CPU.Build.0 = Release|Any CPU
		{59486176-223D-43FA-AA33-226099E91D51}.Debug|Any CPU.ActiveCfg = Debug|Any CPU
		{59486176-223D-43FA-AA33-226099E91D51}.Debug|Any CPU.Build.0 = Debug|Any CPU
		{59486176-223D-43FA-AA33-226099E91D51}.Release|Any CPU.ActiveCfg = Release|Any CPU
		{59486176-223D-43FA-AA33-226099E91D51}.Release|Any CPU.Build.0 = Release|Any CPU
	EndGlobalSection
	GlobalSection(SolutionProperties) = preSolution
		HideSolutionNode = FALSE
	EndGlobalSection
	GlobalSection(NestedProjects) = preSolution
		{3B871B59-BD66-45F1-B196-854AA025FA09} = {619198CA-9D83-4FB2-B371-1BE671CE3C07}
		{182558FE-8087-4365-8D5F-F5728BC1ADEB} = {619198CA-9D83-4FB2-B371-1BE671CE3C07}
		{F4E08EE1-3458-488D-A965-F17D61F36C52} = {619198CA-9D83-4FB2-B371-1BE671CE3C07}
		{9A334C5E-EE76-420E-B3E0-C264B687CB99} = {3B871B59-BD66-45F1-B196-854AA025FA09}
		{7FE91A84-2E2A-4B5D-8F96-A85FBA75C51D} = {9A334C5E-EE76-420E-B3E0-C264B687CB99}
		{CC3936DD-9557-4FC1-9D65-4EE4C9DFCD4B} = {F4E08EE1-3458-488D-A965-F17D61F36C52}
		{0165F65D-2377-46F2-98C0-45BD657B0FC7} = {CC3936DD-9557-4FC1-9D65-4EE4C9DFCD4B}
		{1F3F9361-B0E7-45D9-B5EB-5F4E549CA386} = {182558FE-8087-4365-8D5F-F5728BC1ADEB}
		{084D0C29-15A7-4596-883A-C361691229EA} = {1F3F9361-B0E7-45D9-B5EB-5F4E549CA386}
		{21E653B7-810A-4813-9281-7B8FAC19D1BC} = {3B871B59-BD66-45F1-B196-854AA025FA09}
		{A75D9AE1-A65F-4201-90CC-E4B2B6895AA4} = {21E653B7-810A-4813-9281-7B8FAC19D1BC}
		{D689EF0B-785D-43C0-919D-2FF806A0B049} = {3B871B59-BD66-45F1-B196-854AA025FA09}
		{EB9BE0D0-B424-4FD0-9D48-9AF7DA89B8C1} = {D689EF0B-785D-43C0-919D-2FF806A0B049}
		{A23A1FAC-C6CD-46FD-A0DA-19E6EC6EEFA5} = {3B871B59-BD66-45F1-B196-854AA025FA09}
		{C2F2FABC-7749-4F52-B7A5-D069CF0F4E81} = {A23A1FAC-C6CD-46FD-A0DA-19E6EC6EEFA5}
		{0BBDE792-7893-4508-B802-40F07FD8CAEA} = {3B871B59-BD66-45F1-B196-854AA025FA09}
		{52C5C71C-CF71-45A0-9223-78D08A34288F} = {0BBDE792-7893-4508-B802-40F07FD8CAEA}
		{925D8876-4E98-45BB-844F-57430C06F7F3} = {3B871B59-BD66-45F1-B196-854AA025FA09}
		{59486176-223D-43FA-AA33-226099E91D51} = {925D8876-4E98-45BB-844F-57430C06F7F3}
	EndGlobalSection
	GlobalSection(ExtensibilityGlobals) = postSolution
		SolutionGuid = {1454FE30-12BC-486D-B1BF-E924C4F07074}
	EndGlobalSection
EndGlobal
